
Microsoft Visual Studio Solution File, Format Version 12.00
# Visual Studio 15
VisualStudioVersion = 15.0.28307.168
MinimumVisualStudioVersion = 10.0.40219.1
Project("{8BC9CEB8-8B4A-11D0-8D11-00A0C91BC942}") = "Practice", "Practice\Practice.vcxproj", "{A41D4D46-E504-40CA-A711-A1BF066F25DF}"
EndProject
Project("{888888A0-9F3D-457C-B088-3A5042F75D52}") = "SampleApp", "SampleApp\SampleApp.pyproj", "{BC223655-052A-4FDF-BD8B-DF1ADAC5E09B}"
EndProject
Project("{FAE04EC0-301F-11D3-BF4B-00C04F79EFBC}") = "PetForm", "PetForm\PetForm.csproj", "{0FCE8DD0-D87A-43E2-BCF3-046A826EB0EA}"
EndProject
Project("{FAE04EC0-301F-11D3-BF4B-00C04F79EFBC}") = "DiceRoll", "DiceRoll\DiceRoll.csproj", "{E1C4543D-CEF2-4412-A92A-8C611465BC31}"
EndProject
Project("{FAE04EC0-301F-11D3-BF4B-00C04F79EFBC}") = "SearchSort", "SearchSort\SearchSort.csproj", "{713BE77D-22AA-4007-991D-67944C155D19}"
EndProject
Project("{FAE04EC0-301F-11D3-BF4B-00C04F79EFBC}") = "DesignPatterns", "DesignPatterns\DesignPatterns.csproj", "{2CEC40B3-6FFC-4160-9C23-87B62DF8EB0B}"
EndProject
Project("{8BC9CEB8-8B4A-11D0-8D11-00A0C91BC942}") = "SubsetProblem", "SubsetProblem\SubsetProblem.vcxproj", "{61994718-E1DB-43D7-8699-CBD9215C93A5}"
EndProject
Project("{FAE04EC0-301F-11D3-BF4B-00C04F79EFBC}") = "AsyncOperation", "AsyncOperation\AsyncOperation.csproj", "{94D79449-1539-4BE9-B77B-4B6C7FFF1DFC}"
EndProject
Project("{2150E333-8FDC-42A3-9474-1A3956D46DE8}") = "EmployeeApplication", "EmployeeApplication", "{32D10BED-3A7A-447A-8A24-F241E50AB82B}"
EndProject
Project("{FAE04EC0-301F-11D3-BF4B-00C04F79EFBC}") = "EmployeeForm", "EmployeeForm\EmployeeForm.csproj", "{756C3D9A-E6A7-42BC-A4E1-B655BBA40C4F}"
	ProjectSection(ProjectDependencies) = postProject
		{BD0B6051-3024-49AE-9A5C-AD920A064311} = {BD0B6051-3024-49AE-9A5C-AD920A064311}
	EndProjectSection
EndProject
Project("{FAE04EC0-301F-11D3-BF4B-00C04F79EFBC}") = "EmployeeFormService", "EmployeeFormService\EmployeeFormService.csproj", "{BD0B6051-3024-49AE-9A5C-AD920A064311}"
EndProject
Project("{FAE04EC0-301F-11D3-BF4B-00C04F79EFBC}") = "EmployeeServiceHost", "EmployeeServiceHost\EmployeeServiceHost.csproj", "{1421A2AC-3FC8-451B-9E78-384A26FC219E}"
EndProject
Project("{FAE04EC0-301F-11D3-BF4B-00C04F79EFBC}") = "EmployeeDataLibrary", "EmployeeDataLibrary\EmployeeDataLibrary.csproj", "{EDD4D4B7-821A-406D-B07B-796B552E2174}"
EndProject
Project("{FAE04EC0-301F-11D3-BF4B-00C04F79EFBC}") = "EmployeeModel", "EmployeeModel\EmployeeModel.csproj", "{93CB8E22-46F1-4D62-B446-A93EA4ADD0E7}"
EndProject
Project("{FAE04EC0-301F-11D3-BF4B-00C04F79EFBC}") = "SellerMerchant", "SellerMerchant\SellerMerchant.csproj", "{03E9D45F-E0F1-43B4-B7A3-76975C057837}"
EndProject
Project("{FAE04EC0-301F-11D3-BF4B-00C04F79EFBC}") = "FindCounterFromQueuePos", "FindCounterFromQueuePos\FindCounterFromQueuePos.csproj", "{CCD2A333-012B-4FA2-8AA0-3D5C9EE5319E}"
EndProject
Project("{8BC9CEB8-8B4A-11D0-8D11-00A0C91BC942}") = "AlgoQs", "AlgoQs\AlgoQs.vcxproj", "{2C0D30A3-D1C2-4F2C-B2B6-5C6867B650DE}"
EndProject
Project("{FAE04EC0-301F-11D3-BF4B-00C04F79EFBC}") = "PracticeCsh", "PracticeCsh\PracticeCsh.csproj", "{367027D2-1006-4066-B4F2-E0D61D14CFBC}"
EndProject
Project("{8BC9CEB8-8B4A-11D0-8D11-00A0C91BC942}") = "RectangularCube", "RectangularCube\RectangularCube.vcxproj", "{E4F4BE48-E66D-4F2F-9C48-F739BD192982}"
EndProject
Project("{9092AA53-FB77-4645-B42D-1CCCA6BD08BD}") = "NodejsWebApp", "NodePractice\NodejsWebApp\NodejsWebApp.njsproj", "{DEDC0DA9-F929-4C42-8E6E-2BED140377A9}"
EndProject
Project("{8BC9CEB8-8B4A-11D0-8D11-00A0C91BC942}") = "StateAbbreviationMFC", "StateAbbreviationMFC\StateAbbreviationMFC.vcxproj", "{7E6781F2-E6D2-40A3-92EC-37A08E2FCEB3}"
EndProject
Project("{FAE04EC0-301F-11D3-BF4B-00C04F79EFBC}") = "Car", "Car\Car.csproj", "{629EED3C-B21C-4AAB-881E-802254444AC1}"
EndProject
Project("{888888A0-9F3D-457C-B088-3A5042F75D52}") = "Soorya_Heritage_Monthly", "Soorya_Heritage_Monthly\Soorya_Heritage_Monthly.pyproj", "{BFCD36AC-9226-43F8-9A07-D3AA93D1FD49}"
EndProject
Global
	GlobalSection(SolutionConfigurationPlatforms) = preSolution
		Debug|Any CPU = Debug|Any CPU
		Debug|x64 = Debug|x64
		Debug|x86 = Debug|x86
		Release|Any CPU = Release|Any CPU
		Release|x64 = Release|x64
		Release|x86 = Release|x86
	EndGlobalSection
	GlobalSection(ProjectConfigurationPlatforms) = postSolution
		{A41D4D46-E504-40CA-A711-A1BF066F25DF}.Debug|Any CPU.ActiveCfg = Debug|Win32
		{A41D4D46-E504-40CA-A711-A1BF066F25DF}.Debug|x64.ActiveCfg = Debug|x64
		{A41D4D46-E504-40CA-A711-A1BF066F25DF}.Debug|x64.Build.0 = Debug|x64
		{A41D4D46-E504-40CA-A711-A1BF066F25DF}.Debug|x86.ActiveCfg = Debug|Win32
		{A41D4D46-E504-40CA-A711-A1BF066F25DF}.Debug|x86.Build.0 = Debug|Win32
		{A41D4D46-E504-40CA-A711-A1BF066F25DF}.Release|Any CPU.ActiveCfg = Release|Win32
		{A41D4D46-E504-40CA-A711-A1BF066F25DF}.Release|x64.ActiveCfg = Release|x64
		{A41D4D46-E504-40CA-A711-A1BF066F25DF}.Release|x64.Build.0 = Release|x64
		{A41D4D46-E504-40CA-A711-A1BF066F25DF}.Release|x86.ActiveCfg = Release|Win32
		{A41D4D46-E504-40CA-A711-A1BF066F25DF}.Release|x86.Build.0 = Release|Win32
		{BC223655-052A-4FDF-BD8B-DF1ADAC5E09B}.Debug|Any CPU.ActiveCfg = Debug|Any CPU
		{BC223655-052A-4FDF-BD8B-DF1ADAC5E09B}.Debug|x64.ActiveCfg = Debug|Any CPU
		{BC223655-052A-4FDF-BD8B-DF1ADAC5E09B}.Debug|x86.ActiveCfg = Debug|Any CPU
		{BC223655-052A-4FDF-BD8B-DF1ADAC5E09B}.Release|Any CPU.ActiveCfg = Release|Any CPU
		{BC223655-052A-4FDF-BD8B-DF1ADAC5E09B}.Release|x64.ActiveCfg = Release|Any CPU
		{BC223655-052A-4FDF-BD8B-DF1ADAC5E09B}.Release|x86.ActiveCfg = Release|Any CPU
		{0FCE8DD0-D87A-43E2-BCF3-046A826EB0EA}.Debug|Any CPU.ActiveCfg = Debug|Any CPU
		{0FCE8DD0-D87A-43E2-BCF3-046A826EB0EA}.Debug|Any CPU.Build.0 = Debug|Any CPU
		{0FCE8DD0-D87A-43E2-BCF3-046A826EB0EA}.Debug|x64.ActiveCfg = Debug|Any CPU
		{0FCE8DD0-D87A-43E2-BCF3-046A826EB0EA}.Debug|x64.Build.0 = Debug|Any CPU
		{0FCE8DD0-D87A-43E2-BCF3-046A826EB0EA}.Debug|x86.ActiveCfg = Debug|Any CPU
		{0FCE8DD0-D87A-43E2-BCF3-046A826EB0EA}.Debug|x86.Build.0 = Debug|Any CPU
		{0FCE8DD0-D87A-43E2-BCF3-046A826EB0EA}.Release|Any CPU.ActiveCfg = Release|Any CPU
		{0FCE8DD0-D87A-43E2-BCF3-046A826EB0EA}.Release|Any CPU.Build.0 = Release|Any CPU
		{0FCE8DD0-D87A-43E2-BCF3-046A826EB0EA}.Release|x64.ActiveCfg = Release|Any CPU
		{0FCE8DD0-D87A-43E2-BCF3-046A826EB0EA}.Release|x64.Build.0 = Release|Any CPU
		{0FCE8DD0-D87A-43E2-BCF3-046A826EB0EA}.Release|x86.ActiveCfg = Release|Any CPU
		{0FCE8DD0-D87A-43E2-BCF3-046A826EB0EA}.Release|x86.Build.0 = Release|Any CPU
		{E1C4543D-CEF2-4412-A92A-8C611465BC31}.Debug|Any CPU.ActiveCfg = Debug|Any CPU
		{E1C4543D-CEF2-4412-A92A-8C611465BC31}.Debug|Any CPU.Build.0 = Debug|Any CPU
		{E1C4543D-CEF2-4412-A92A-8C611465BC31}.Debug|x64.ActiveCfg = Debug|Any CPU
		{E1C4543D-CEF2-4412-A92A-8C611465BC31}.Debug|x64.Build.0 = Debug|Any CPU
		{E1C4543D-CEF2-4412-A92A-8C611465BC31}.Debug|x86.ActiveCfg = Debug|Any CPU
		{E1C4543D-CEF2-4412-A92A-8C611465BC31}.Debug|x86.Build.0 = Debug|Any CPU
		{E1C4543D-CEF2-4412-A92A-8C611465BC31}.Release|Any CPU.ActiveCfg = Release|Any CPU
		{E1C4543D-CEF2-4412-A92A-8C611465BC31}.Release|Any CPU.Build.0 = Release|Any CPU
		{E1C4543D-CEF2-4412-A92A-8C611465BC31}.Release|x64.ActiveCfg = Release|Any CPU
		{E1C4543D-CEF2-4412-A92A-8C611465BC31}.Release|x64.Build.0 = Release|Any CPU
		{E1C4543D-CEF2-4412-A92A-8C611465BC31}.Release|x86.ActiveCfg = Release|Any CPU
		{E1C4543D-CEF2-4412-A92A-8C611465BC31}.Release|x86.Build.0 = Release|Any CPU
		{713BE77D-22AA-4007-991D-67944C155D19}.Debug|Any CPU.ActiveCfg = Debug|Any CPU
		{713BE77D-22AA-4007-991D-67944C155D19}.Debug|Any CPU.Build.0 = Debug|Any CPU
		{713BE77D-22AA-4007-991D-67944C155D19}.Debug|x64.ActiveCfg = Debug|Any CPU
		{713BE77D-22AA-4007-991D-67944C155D19}.Debug|x64.Build.0 = Debug|Any CPU
		{713BE77D-22AA-4007-991D-67944C155D19}.Debug|x86.ActiveCfg = Debug|Any CPU
		{713BE77D-22AA-4007-991D-67944C155D19}.Debug|x86.Build.0 = Debug|Any CPU
		{713BE77D-22AA-4007-991D-67944C155D19}.Release|Any CPU.ActiveCfg = Release|Any CPU
		{713BE77D-22AA-4007-991D-67944C155D19}.Release|Any CPU.Build.0 = Release|Any CPU
		{713BE77D-22AA-4007-991D-67944C155D19}.Release|x64.ActiveCfg = Release|Any CPU
		{713BE77D-22AA-4007-991D-67944C155D19}.Release|x64.Build.0 = Release|Any CPU
		{713BE77D-22AA-4007-991D-67944C155D19}.Release|x86.ActiveCfg = Release|Any CPU
		{713BE77D-22AA-4007-991D-67944C155D19}.Release|x86.Build.0 = Release|Any CPU
		{2CEC40B3-6FFC-4160-9C23-87B62DF8EB0B}.Debug|Any CPU.ActiveCfg = Debug|Any CPU
		{2CEC40B3-6FFC-4160-9C23-87B62DF8EB0B}.Debug|Any CPU.Build.0 = Debug|Any CPU
		{2CEC40B3-6FFC-4160-9C23-87B62DF8EB0B}.Debug|x64.ActiveCfg = Debug|Any CPU
		{2CEC40B3-6FFC-4160-9C23-87B62DF8EB0B}.Debug|x64.Build.0 = Debug|Any CPU
		{2CEC40B3-6FFC-4160-9C23-87B62DF8EB0B}.Debug|x86.ActiveCfg = Debug|Any CPU
		{2CEC40B3-6FFC-4160-9C23-87B62DF8EB0B}.Debug|x86.Build.0 = Debug|Any CPU
		{2CEC40B3-6FFC-4160-9C23-87B62DF8EB0B}.Release|Any CPU.ActiveCfg = Release|Any CPU
		{2CEC40B3-6FFC-4160-9C23-87B62DF8EB0B}.Release|Any CPU.Build.0 = Release|Any CPU
		{2CEC40B3-6FFC-4160-9C23-87B62DF8EB0B}.Release|x64.ActiveCfg = Release|Any CPU
		{2CEC40B3-6FFC-4160-9C23-87B62DF8EB0B}.Release|x64.Build.0 = Release|Any CPU
		{2CEC40B3-6FFC-4160-9C23-87B62DF8EB0B}.Release|x86.ActiveCfg = Release|Any CPU
		{2CEC40B3-6FFC-4160-9C23-87B62DF8EB0B}.Release|x86.Build.0 = Release|Any CPU
		{61994718-E1DB-43D7-8699-CBD9215C93A5}.Debug|Any CPU.ActiveCfg = Debug|Win32
		{61994718-E1DB-43D7-8699-CBD9215C93A5}.Debug|x64.ActiveCfg = Debug|x64
		{61994718-E1DB-43D7-8699-CBD9215C93A5}.Debug|x64.Build.0 = Debug|x64
		{61994718-E1DB-43D7-8699-CBD9215C93A5}.Debug|x86.ActiveCfg = Debug|Win32
		{61994718-E1DB-43D7-8699-CBD9215C93A5}.Debug|x86.Build.0 = Debug|Win32
		{61994718-E1DB-43D7-8699-CBD9215C93A5}.Release|Any CPU.ActiveCfg = Release|Win32
		{61994718-E1DB-43D7-8699-CBD9215C93A5}.Release|x64.ActiveCfg = Release|x64
		{61994718-E1DB-43D7-8699-CBD9215C93A5}.Release|x64.Build.0 = Release|x64
		{61994718-E1DB-43D7-8699-CBD9215C93A5}.Release|x86.ActiveCfg = Release|Win32
		{61994718-E1DB-43D7-8699-CBD9215C93A5}.Release|x86.Build.0 = Release|Win32
		{94D79449-1539-4BE9-B77B-4B6C7FFF1DFC}.Debug|Any CPU.ActiveCfg = Debug|Any CPU
		{94D79449-1539-4BE9-B77B-4B6C7FFF1DFC}.Debug|Any CPU.Build.0 = Debug|Any CPU
		{94D79449-1539-4BE9-B77B-4B6C7FFF1DFC}.Debug|x64.ActiveCfg = Debug|Any CPU
		{94D79449-1539-4BE9-B77B-4B6C7FFF1DFC}.Debug|x64.Build.0 = Debug|Any CPU
		{94D79449-1539-4BE9-B77B-4B6C7FFF1DFC}.Debug|x86.ActiveCfg = Debug|Any CPU
		{94D79449-1539-4BE9-B77B-4B6C7FFF1DFC}.Debug|x86.Build.0 = Debug|Any CPU
		{94D79449-1539-4BE9-B77B-4B6C7FFF1DFC}.Release|Any CPU.ActiveCfg = Release|Any CPU
		{94D79449-1539-4BE9-B77B-4B6C7FFF1DFC}.Release|Any CPU.Build.0 = Release|Any CPU
		{94D79449-1539-4BE9-B77B-4B6C7FFF1DFC}.Release|x64.ActiveCfg = Release|Any CPU
		{94D79449-1539-4BE9-B77B-4B6C7FFF1DFC}.Release|x64.Build.0 = Release|Any CPU
		{94D79449-1539-4BE9-B77B-4B6C7FFF1DFC}.Release|x86.ActiveCfg = Release|Any CPU
		{94D79449-1539-4BE9-B77B-4B6C7FFF1DFC}.Release|x86.Build.0 = Release|Any CPU
		{756C3D9A-E6A7-42BC-A4E1-B655BBA40C4F}.Debug|Any CPU.ActiveCfg = Debug|Any CPU
		{756C3D9A-E6A7-42BC-A4E1-B655BBA40C4F}.Debug|Any CPU.Build.0 = Debug|Any CPU
		{756C3D9A-E6A7-42BC-A4E1-B655BBA40C4F}.Debug|x64.ActiveCfg = Debug|Any CPU
		{756C3D9A-E6A7-42BC-A4E1-B655BBA40C4F}.Debug|x64.Build.0 = Debug|Any CPU
		{756C3D9A-E6A7-42BC-A4E1-B655BBA40C4F}.Debug|x86.ActiveCfg = Debug|Any CPU
		{756C3D9A-E6A7-42BC-A4E1-B655BBA40C4F}.Debug|x86.Build.0 = Debug|Any CPU
		{756C3D9A-E6A7-42BC-A4E1-B655BBA40C4F}.Release|Any CPU.ActiveCfg = Release|Any CPU
		{756C3D9A-E6A7-42BC-A4E1-B655BBA40C4F}.Release|Any CPU.Build.0 = Release|Any CPU
		{756C3D9A-E6A7-42BC-A4E1-B655BBA40C4F}.Release|x64.ActiveCfg = Release|Any CPU
		{756C3D9A-E6A7-42BC-A4E1-B655BBA40C4F}.Release|x64.Build.0 = Release|Any CPU
		{756C3D9A-E6A7-42BC-A4E1-B655BBA40C4F}.Release|x86.ActiveCfg = Release|Any CPU
		{756C3D9A-E6A7-42BC-A4E1-B655BBA40C4F}.Release|x86.Build.0 = Release|Any CPU
		{BD0B6051-3024-49AE-9A5C-AD920A064311}.Debug|Any CPU.ActiveCfg = Debug|Any CPU
		{BD0B6051-3024-49AE-9A5C-AD920A064311}.Debug|Any CPU.Build.0 = Debug|Any CPU
		{BD0B6051-3024-49AE-9A5C-AD920A064311}.Debug|x64.ActiveCfg = Debug|Any CPU
		{BD0B6051-3024-49AE-9A5C-AD920A064311}.Debug|x64.Build.0 = Debug|Any CPU
		{BD0B6051-3024-49AE-9A5C-AD920A064311}.Debug|x86.ActiveCfg = Debug|Any CPU
		{BD0B6051-3024-49AE-9A5C-AD920A064311}.Debug|x86.Build.0 = Debug|Any CPU
		{BD0B6051-3024-49AE-9A5C-AD920A064311}.Release|Any CPU.ActiveCfg = Release|Any CPU
		{BD0B6051-3024-49AE-9A5C-AD920A064311}.Release|Any CPU.Build.0 = Release|Any CPU
		{BD0B6051-3024-49AE-9A5C-AD920A064311}.Release|x64.ActiveCfg = Release|Any CPU
		{BD0B6051-3024-49AE-9A5C-AD920A064311}.Release|x64.Build.0 = Release|Any CPU
		{BD0B6051-3024-49AE-9A5C-AD920A064311}.Release|x86.ActiveCfg = Release|Any CPU
		{BD0B6051-3024-49AE-9A5C-AD920A064311}.Release|x86.Build.0 = Release|Any CPU
		{1421A2AC-3FC8-451B-9E78-384A26FC219E}.Debug|Any CPU.ActiveCfg = Debug|Any CPU
		{1421A2AC-3FC8-451B-9E78-384A26FC219E}.Debug|Any CPU.Build.0 = Debug|Any CPU
		{1421A2AC-3FC8-451B-9E78-384A26FC219E}.Debug|x64.ActiveCfg = Debug|Any CPU
		{1421A2AC-3FC8-451B-9E78-384A26FC219E}.Debug|x64.Build.0 = Debug|Any CPU
		{1421A2AC-3FC8-451B-9E78-384A26FC219E}.Debug|x86.ActiveCfg = Debug|Any CPU
		{1421A2AC-3FC8-451B-9E78-384A26FC219E}.Debug|x86.Build.0 = Debug|Any CPU
		{1421A2AC-3FC8-451B-9E78-384A26FC219E}.Release|Any CPU.ActiveCfg = Release|Any CPU
		{1421A2AC-3FC8-451B-9E78-384A26FC219E}.Release|Any CPU.Build.0 = Release|Any CPU
		{1421A2AC-3FC8-451B-9E78-384A26FC219E}.Release|x64.ActiveCfg = Release|Any CPU
		{1421A2AC-3FC8-451B-9E78-384A26FC219E}.Release|x64.Build.0 = Release|Any CPU
		{1421A2AC-3FC8-451B-9E78-384A26FC219E}.Release|x86.ActiveCfg = Release|Any CPU
		{1421A2AC-3FC8-451B-9E78-384A26FC219E}.Release|x86.Build.0 = Release|Any CPU
		{EDD4D4B7-821A-406D-B07B-796B552E2174}.Debug|Any CPU.ActiveCfg = Debug|Any CPU
		{EDD4D4B7-821A-406D-B07B-796B552E2174}.Debug|Any CPU.Build.0 = Debug|Any CPU
		{EDD4D4B7-821A-406D-B07B-796B552E2174}.Debug|x64.ActiveCfg = Debug|Any CPU
		{EDD4D4B7-821A-406D-B07B-796B552E2174}.Debug|x64.Build.0 = Debug|Any CPU
		{EDD4D4B7-821A-406D-B07B-796B552E2174}.Debug|x86.ActiveCfg = Debug|Any CPU
		{EDD4D4B7-821A-406D-B07B-796B552E2174}.Debug|x86.Build.0 = Debug|Any CPU
		{EDD4D4B7-821A-406D-B07B-796B552E2174}.Release|Any CPU.ActiveCfg = Release|Any CPU
		{EDD4D4B7-821A-406D-B07B-796B552E2174}.Release|Any CPU.Build.0 = Release|Any CPU
		{EDD4D4B7-821A-406D-B07B-796B552E2174}.Release|x64.ActiveCfg = Release|Any CPU
		{EDD4D4B7-821A-406D-B07B-796B552E2174}.Release|x64.Build.0 = Release|Any CPU
		{EDD4D4B7-821A-406D-B07B-796B552E2174}.Release|x86.ActiveCfg = Release|Any CPU
		{EDD4D4B7-821A-406D-B07B-796B552E2174}.Release|x86.Build.0 = Release|Any CPU
		{93CB8E22-46F1-4D62-B446-A93EA4ADD0E7}.Debug|Any CPU.ActiveCfg = Debug|Any CPU
		{93CB8E22-46F1-4D62-B446-A93EA4ADD0E7}.Debug|Any CPU.Build.0 = Debug|Any CPU
		{93CB8E22-46F1-4D62-B446-A93EA4ADD0E7}.Debug|x64.ActiveCfg = Debug|Any CPU
		{93CB8E22-46F1-4D62-B446-A93EA4ADD0E7}.Debug|x64.Build.0 = Debug|Any CPU
		{93CB8E22-46F1-4D62-B446-A93EA4ADD0E7}.Debug|x86.ActiveCfg = Debug|Any CPU
		{93CB8E22-46F1-4D62-B446-A93EA4ADD0E7}.Debug|x86.Build.0 = Debug|Any CPU
		{93CB8E22-46F1-4D62-B446-A93EA4ADD0E7}.Release|Any CPU.ActiveCfg = Release|Any CPU
		{93CB8E22-46F1-4D62-B446-A93EA4ADD0E7}.Release|Any CPU.Build.0 = Release|Any CPU
		{93CB8E22-46F1-4D62-B446-A93EA4ADD0E7}.Release|x64.ActiveCfg = Release|Any CPU
		{93CB8E22-46F1-4D62-B446-A93EA4ADD0E7}.Release|x64.Build.0 = Release|Any CPU
		{93CB8E22-46F1-4D62-B446-A93EA4ADD0E7}.Release|x86.ActiveCfg = Release|Any CPU
		{93CB8E22-46F1-4D62-B446-A93EA4ADD0E7}.Release|x86.Build.0 = Release|Any CPU
		{03E9D45F-E0F1-43B4-B7A3-76975C057837}.Debug|Any CPU.ActiveCfg = Debug|Any CPU
		{03E9D45F-E0F1-43B4-B7A3-76975C057837}.Debug|Any CPU.Build.0 = Debug|Any CPU
		{03E9D45F-E0F1-43B4-B7A3-76975C057837}.Debug|x64.ActiveCfg = Debug|Any CPU
		{03E9D45F-E0F1-43B4-B7A3-76975C057837}.Debug|x64.Build.0 = Debug|Any CPU
		{03E9D45F-E0F1-43B4-B7A3-76975C057837}.Debug|x86.ActiveCfg = Debug|Any CPU
		{03E9D45F-E0F1-43B4-B7A3-76975C057837}.Debug|x86.Build.0 = Debug|Any CPU
		{03E9D45F-E0F1-43B4-B7A3-76975C057837}.Release|Any CPU.ActiveCfg = Release|Any CPU
		{03E9D45F-E0F1-43B4-B7A3-76975C057837}.Release|Any CPU.Build.0 = Release|Any CPU
		{03E9D45F-E0F1-43B4-B7A3-76975C057837}.Release|x64.ActiveCfg = Release|Any CPU
		{03E9D45F-E0F1-43B4-B7A3-76975C057837}.Release|x64.Build.0 = Release|Any CPU
		{03E9D45F-E0F1-43B4-B7A3-76975C057837}.Release|x86.ActiveCfg = Release|Any CPU
		{03E9D45F-E0F1-43B4-B7A3-76975C057837}.Release|x86.Build.0 = Release|Any CPU
		{CCD2A333-012B-4FA2-8AA0-3D5C9EE5319E}.Debug|Any CPU.ActiveCfg = Debug|Any CPU
		{CCD2A333-012B-4FA2-8AA0-3D5C9EE5319E}.Debug|Any CPU.Build.0 = Debug|Any CPU
		{CCD2A333-012B-4FA2-8AA0-3D5C9EE5319E}.Debug|x64.ActiveCfg = Debug|Any CPU
		{CCD2A333-012B-4FA2-8AA0-3D5C9EE5319E}.Debug|x64.Build.0 = Debug|Any CPU
		{CCD2A333-012B-4FA2-8AA0-3D5C9EE5319E}.Debug|x86.ActiveCfg = Debug|Any CPU
		{CCD2A333-012B-4FA2-8AA0-3D5C9EE5319E}.Debug|x86.Build.0 = Debug|Any CPU
		{CCD2A333-012B-4FA2-8AA0-3D5C9EE5319E}.Release|Any CPU.ActiveCfg = Release|Any CPU
		{CCD2A333-012B-4FA2-8AA0-3D5C9EE5319E}.Release|Any CPU.Build.0 = Release|Any CPU
		{CCD2A333-012B-4FA2-8AA0-3D5C9EE5319E}.Release|x64.ActiveCfg = Release|Any CPU
		{CCD2A333-012B-4FA2-8AA0-3D5C9EE5319E}.Release|x64.Build.0 = Release|Any CPU
		{CCD2A333-012B-4FA2-8AA0-3D5C9EE5319E}.Release|x86.ActiveCfg = Release|Any CPU
		{CCD2A333-012B-4FA2-8AA0-3D5C9EE5319E}.Release|x86.Build.0 = Release|Any CPU
		{2C0D30A3-D1C2-4F2C-B2B6-5C6867B650DE}.Debug|Any CPU.ActiveCfg = Debug|Win32
		{2C0D30A3-D1C2-4F2C-B2B6-5C6867B650DE}.Debug|x64.ActiveCfg = Debug|x64
		{2C0D30A3-D1C2-4F2C-B2B6-5C6867B650DE}.Debug|x64.Build.0 = Debug|x64
		{2C0D30A3-D1C2-4F2C-B2B6-5C6867B650DE}.Debug|x86.ActiveCfg = Debug|Win32
		{2C0D30A3-D1C2-4F2C-B2B6-5C6867B650DE}.Debug|x86.Build.0 = Debug|Win32
		{2C0D30A3-D1C2-4F2C-B2B6-5C6867B650DE}.Release|Any CPU.ActiveCfg = Release|Win32
		{2C0D30A3-D1C2-4F2C-B2B6-5C6867B650DE}.Release|x64.ActiveCfg = Release|x64
		{2C0D30A3-D1C2-4F2C-B2B6-5C6867B650DE}.Release|x64.Build.0 = Release|x64
		{2C0D30A3-D1C2-4F2C-B2B6-5C6867B650DE}.Release|x86.ActiveCfg = Release|Win32
		{2C0D30A3-D1C2-4F2C-B2B6-5C6867B650DE}.Release|x86.Build.0 = Release|Win32
		{367027D2-1006-4066-B4F2-E0D61D14CFBC}.Debug|Any CPU.ActiveCfg = Debug|Any CPU
		{367027D2-1006-4066-B4F2-E0D61D14CFBC}.Debug|Any CPU.Build.0 = Debug|Any CPU
		{367027D2-1006-4066-B4F2-E0D61D14CFBC}.Debug|x64.ActiveCfg = Debug|Any CPU
		{367027D2-1006-4066-B4F2-E0D61D14CFBC}.Debug|x64.Build.0 = Debug|Any CPU
		{367027D2-1006-4066-B4F2-E0D61D14CFBC}.Debug|x86.ActiveCfg = Debug|Any CPU
		{367027D2-1006-4066-B4F2-E0D61D14CFBC}.Debug|x86.Build.0 = Debug|Any CPU
		{367027D2-1006-4066-B4F2-E0D61D14CFBC}.Release|Any CPU.ActiveCfg = Release|Any CPU
		{367027D2-1006-4066-B4F2-E0D61D14CFBC}.Release|Any CPU.Build.0 = Release|Any CPU
		{367027D2-1006-4066-B4F2-E0D61D14CFBC}.Release|x64.ActiveCfg = Release|Any CPU
		{367027D2-1006-4066-B4F2-E0D61D14CFBC}.Release|x64.Build.0 = Release|Any CPU
		{367027D2-1006-4066-B4F2-E0D61D14CFBC}.Release|x86.ActiveCfg = Release|Any CPU
		{367027D2-1006-4066-B4F2-E0D61D14CFBC}.Release|x86.Build.0 = Release|Any CPU
		{E4F4BE48-E66D-4F2F-9C48-F739BD192982}.Debug|Any CPU.ActiveCfg = Debug|Win32
		{E4F4BE48-E66D-4F2F-9C48-F739BD192982}.Debug|x64.ActiveCfg = Debug|x64
		{E4F4BE48-E66D-4F2F-9C48-F739BD192982}.Debug|x64.Build.0 = Debug|x64
		{E4F4BE48-E66D-4F2F-9C48-F739BD192982}.Debug|x86.ActiveCfg = Debug|Win32
		{E4F4BE48-E66D-4F2F-9C48-F739BD192982}.Debug|x86.Build.0 = Debug|Win32
		{E4F4BE48-E66D-4F2F-9C48-F739BD192982}.Release|Any CPU.ActiveCfg = Release|Win32
		{E4F4BE48-E66D-4F2F-9C48-F739BD192982}.Release|x64.ActiveCfg = Release|x64
		{E4F4BE48-E66D-4F2F-9C48-F739BD192982}.Release|x64.Build.0 = Release|x64
		{E4F4BE48-E66D-4F2F-9C48-F739BD192982}.Release|x86.ActiveCfg = Release|Win32
		{E4F4BE48-E66D-4F2F-9C48-F739BD192982}.Release|x86.Build.0 = Release|Win32
		{DEDC0DA9-F929-4C42-8E6E-2BED140377A9}.Debug|Any CPU.ActiveCfg = Debug|Any CPU
		{DEDC0DA9-F929-4C42-8E6E-2BED140377A9}.Debug|Any CPU.Build.0 = Debug|Any CPU
		{DEDC0DA9-F929-4C42-8E6E-2BED140377A9}.Debug|x64.ActiveCfg = Debug|Any CPU
		{DEDC0DA9-F929-4C42-8E6E-2BED140377A9}.Debug|x64.Build.0 = Debug|Any CPU
		{DEDC0DA9-F929-4C42-8E6E-2BED140377A9}.Debug|x86.ActiveCfg = Debug|Any CPU
		{DEDC0DA9-F929-4C42-8E6E-2BED140377A9}.Debug|x86.Build.0 = Debug|Any CPU
		{DEDC0DA9-F929-4C42-8E6E-2BED140377A9}.Release|Any CPU.ActiveCfg = Release|Any CPU
		{DEDC0DA9-F929-4C42-8E6E-2BED140377A9}.Release|Any CPU.Build.0 = Release|Any CPU
		{DEDC0DA9-F929-4C42-8E6E-2BED140377A9}.Release|x64.ActiveCfg = Release|Any CPU
		{DEDC0DA9-F929-4C42-8E6E-2BED140377A9}.Release|x64.Build.0 = Release|Any CPU
		{DEDC0DA9-F929-4C42-8E6E-2BED140377A9}.Release|x86.ActiveCfg = Release|Any CPU
		{DEDC0DA9-F929-4C42-8E6E-2BED140377A9}.Release|x86.Build.0 = Release|Any CPU
		{7E6781F2-E6D2-40A3-92EC-37A08E2FCEB3}.Debug|Any CPU.ActiveCfg = Debug|Win32
		{7E6781F2-E6D2-40A3-92EC-37A08E2FCEB3}.Debug|x64.ActiveCfg = Debug|x64
		{7E6781F2-E6D2-40A3-92EC-37A08E2FCEB3}.Debug|x64.Build.0 = Debug|x64
		{7E6781F2-E6D2-40A3-92EC-37A08E2FCEB3}.Debug|x86.ActiveCfg = Debug|Win32
		{7E6781F2-E6D2-40A3-92EC-37A08E2FCEB3}.Debug|x86.Build.0 = Debug|Win32
		{7E6781F2-E6D2-40A3-92EC-37A08E2FCEB3}.Release|Any CPU.ActiveCfg = Release|Win32
		{7E6781F2-E6D2-40A3-92EC-37A08E2FCEB3}.Release|x64.ActiveCfg = Release|x64
		{7E6781F2-E6D2-40A3-92EC-37A08E2FCEB3}.Release|x64.Build.0 = Release|x64
		{7E6781F2-E6D2-40A3-92EC-37A08E2FCEB3}.Release|x86.ActiveCfg = Release|Win32
		{7E6781F2-E6D2-40A3-92EC-37A08E2FCEB3}.Release|x86.Build.0 = Release|Win32
		{629EED3C-B21C-4AAB-881E-802254444AC1}.Debug|Any CPU.ActiveCfg = Debug|Any CPU
		{629EED3C-B21C-4AAB-881E-802254444AC1}.Debug|Any CPU.Build.0 = Debug|Any CPU
		{629EED3C-B21C-4AAB-881E-802254444AC1}.Debug|x64.ActiveCfg = Debug|Any CPU
		{629EED3C-B21C-4AAB-881E-802254444AC1}.Debug|x64.Build.0 = Debug|Any CPU
		{629EED3C-B21C-4AAB-881E-802254444AC1}.Debug|x86.ActiveCfg = Debug|Any CPU
		{629EED3C-B21C-4AAB-881E-802254444AC1}.Debug|x86.Build.0 = Debug|Any CPU
		{629EED3C-B21C-4AAB-881E-802254444AC1}.Release|Any CPU.ActiveCfg = Release|Any CPU
		{629EED3C-B21C-4AAB-881E-802254444AC1}.Release|Any CPU.Build.0 = Release|Any CPU
		{629EED3C-B21C-4AAB-881E-802254444AC1}.Release|x64.ActiveCfg = Release|Any CPU
		{629EED3C-B21C-4AAB-881E-802254444AC1}.Release|x64.Build.0 = Release|Any CPU
		{629EED3C-B21C-4AAB-881E-802254444AC1}.Release|x86.ActiveCfg = Release|Any CPU
		{629EED3C-B21C-4AAB-881E-802254444AC1}.Release|x86.Build.0 = Release|Any CPU
		{BFCD36AC-9226-43F8-9A07-D3AA93D1FD49}.Debug|Any CPU.ActiveCfg = Debug|Any CPU
		{BFCD36AC-9226-43F8-9A07-D3AA93D1FD49}.Debug|Any CPU.Build.0 = Debug|Any CPU
		{BFCD36AC-9226-43F8-9A07-D3AA93D1FD49}.Debug|x64.ActiveCfg = Debug|Any CPU
		{BFCD36AC-9226-43F8-9A07-D3AA93D1FD49}.Debug|x64.Build.0 = Debug|Any CPU
		{BFCD36AC-9226-43F8-9A07-D3AA93D1FD49}.Debug|x86.ActiveCfg = Debug|Any CPU
		{BFCD36AC-9226-43F8-9A07-D3AA93D1FD49}.Debug|x86.Build.0 = Debug|Any CPU
		{BFCD36AC-9226-43F8-9A07-D3AA93D1FD49}.Release|Any CPU.ActiveCfg = Release|Any CPU
		{BFCD36AC-9226-43F8-9A07-D3AA93D1FD49}.Release|Any CPU.Build.0 = Release|Any CPU
		{BFCD36AC-9226-43F8-9A07-D3AA93D1FD49}.Release|x64.ActiveCfg = Release|Any CPU
		{BFCD36AC-9226-43F8-9A07-D3AA93D1FD49}.Release|x64.Build.0 = Release|Any CPU
		{BFCD36AC-9226-43F8-9A07-D3AA93D1FD49}.Release|x86.ActiveCfg = Release|Any CPU
		{BFCD36AC-9226-43F8-9A07-D3AA93D1FD49}.Release|x86.Build.0 = Release|Any CPU
	EndGlobalSection
	GlobalSection(SolutionProperties) = preSolution
		HideSolutionNode = FALSE
	EndGlobalSection
	GlobalSection(NestedProjects) = preSolution
		{756C3D9A-E6A7-42BC-A4E1-B655BBA40C4F} = {32D10BED-3A7A-447A-8A24-F241E50AB82B}
		{BD0B6051-3024-49AE-9A5C-AD920A064311} = {32D10BED-3A7A-447A-8A24-F241E50AB82B}
		{1421A2AC-3FC8-451B-9E78-384A26FC219E} = {32D10BED-3A7A-447A-8A24-F241E50AB82B}
		{EDD4D4B7-821A-406D-B07B-796B552E2174} = {32D10BED-3A7A-447A-8A24-F241E50AB82B}
		{93CB8E22-46F1-4D62-B446-A93EA4ADD0E7} = {32D10BED-3A7A-447A-8A24-F241E50AB82B}
	EndGlobalSection
	GlobalSection(ExtensibilityGlobals) = postSolution
		SolutionGuid = {CD76EB27-3A91-4B33-BC14-CCB6DF3F7598}
	EndGlobalSection
EndGlobal
